DEPENDENCIES
  gcc-installer
    path: test/cookbooks/gcc-installer
  make-installer
    path: test/cookbooks/make-installer
  ruby-installer
    path: test/cookbooks/ruby-installer
  telnet-manager
    path: test/cookbooks/telnet-manager

GRAPH
  gcc-installer (0.1.0)
  make-installer (0.1.0)
  ruby-installer (0.1.0)
  telnet-manager (0.1.0)
